
Microsoft Visual Studio Solution File, Format Version 12.00
# Visual Studio 2013
VisualStudioVersion = 12.0.31101.0
MinimumVisualStudioVersion = 10.0.40219.1
Project("{F2A71F9B-5D33-465A-A702-920D77279786}") = "Krawl", "Krawl\Krawl.fsproj", "{3BA560AF-BB34-4DF6-A45A-178AB72FE434}"
EndProject
Project("{F2A71F9B-5D33-465A-A702-920D77279786}") = "KrawlLib", "KrawlLib\KrawlLib.fsproj", "{FE136856-7784-458A-9A8A-7383FF8873AA}"
EndProject
Project("{F2A71F9B-5D33-465A-A702-920D77279786}") = "KrawlLibTests", "KrawlLibTests\KrawlLibTests.fsproj", "{85DE0737-0F2F-487F-AF56-EE9BD44FD549}"
EndProject
Project("{2150E333-8FDC-42A3-9474-1A3956D46DE8}") = ".nuget", ".nuget", "{1FCFDBE5-9EA5-4F03-A343-D9CA6DC28D5C}"
	ProjectSection(SolutionItems) = preProject
		.nuget\packages.config = .nuget\packages.config
	EndProjectSection
EndProject
Global
	GlobalSection(SolutionConfigurationPlatforms) = preSolution
		Debug|Any CPU = Debug|Any CPU
		Release|Any CPU = Release|Any CPU
	EndGlobalSection
	GlobalSection(ProjectConfigurationPlatforms) = postSolution
		{3BA560AF-BB34-4DF6-A45A-178AB72FE434}.Debug|Any CPU.ActiveCfg = Debug|Any CPU
		{3BA560AF-BB34-4DF6-A45A-178AB72FE434}.Debug|Any CPU.Build.0 = Debug|Any CPU
		{3BA560AF-BB34-4DF6-A45A-178AB72FE434}.Release|Any CPU.ActiveCfg = Release|Any CPU
		{3BA560AF-BB34-4DF6-A45A-178AB72FE434}.Release|Any CPU.Build.0 = Release|Any CPU
		{FE136856-7784-458A-9A8A-7383FF8873AA}.Debug|Any CPU.ActiveCfg = Debug|Any CPU
		{FE136856-7784-458A-9A8A-7383FF8873AA}.Debug|Any CPU.Build.0 = Debug|Any CPU
		{FE136856-7784-458A-9A8A-7383FF8873AA}.Release|Any CPU.ActiveCfg = Release|Any CPU
		{FE136856-7784-458A-9A8A-7383FF8873AA}.Release|Any CPU.Build.0 = Release|Any CPU
		{85DE0737-0F2F-487F-AF56-EE9BD44FD549}.Debug|Any CPU.ActiveCfg = Debug|Any CPU
		{85DE0737-0F2F-487F-AF56-EE9BD44FD549}.Debug|Any CPU.Build.0 = Debug|Any CPU
		{85DE0737-0F2F-487F-AF56-EE9BD44FD549}.Release|Any CPU.ActiveCfg = Release|Any CPU
		{85DE0737-0F2F-487F-AF56-EE9BD44FD549}.Release|Any CPU.Build.0 = Release|Any CPU
	EndGlobalSection
	GlobalSection(SolutionProperties) = preSolution
		HideSolutionNode = FALSE
	EndGlobalSection
EndGlobal
